
Microsoft Visual Studio Solution File, Format Version 12.00
# Visual Studio Version 16
VisualStudioVersion = 16.0.29503.13
MinimumVisualStudioVersion = 10.0.40219.1
Project("{9A19103F-16F7-4668-BE54-9A1E7A4F7556}") = "Twinvision.BolRetailerApi", "Twinvision.BolRetailerApi\Twinvision.BolRetailerApi.csproj", "{B57CA180-83A7-4528-9B67-81D6445656B7}"
EndProject
Project("{9A19103F-16F7-4668-BE54-9A1E7A4F7556}") = "Twinvision.BolRetailerApi.Test", "Twinvision.BolRetailerApi.Test\Twinvision.BolRetailerApi.Test.csproj", "{4A4A30D8-893C-4E94-A4C4-2698B6F936F4}"
EndProject
Global
	GlobalSection(SolutionConfigurationPlatforms) = preSolution
		Debug|Any CPU = Debug|Any CPU
		Release|Any CPU = Release|Any CPU
	EndGlobalSection
	GlobalSection(ProjectConfigurationPlatforms) = postSolution
		{B57CA180-83A7-4528-9B67-81D6445656B7}.Debug|Any CPU.ActiveCfg = Debug|Any CPU
		{B57CA180-83A7-4528-9B67-81D6445656B7}.Debug|Any CPU.Build.0 = Debug|Any CPU
		{B57CA180-83A7-4528-9B67-81D6445656B7}.Release|Any CPU.ActiveCfg = Release|Any CPU
		{B57CA180-83A7-4528-9B67-81D6445656B7}.Release|Any CPU.Build.0 = Release|Any CPU
		{4A4A30D8-893C-4E94-A4C4-2698B6F936F4}.Debug|Any CPU.ActiveCfg = Debug|Any CPU
		{4A4A30D8-893C-4E94-A4C4-2698B6F936F4}.Debug|Any CPU.Build.0 = Debug|Any CPU
		{4A4A30D8-893C-4E94-A4C4-2698B6F936F4}.Release|Any CPU.ActiveCfg = Release|Any CPU
		{4A4A30D8-893C-4E94-A4C4-2698B6F936F4}.Release|Any CPU.Build.0 = Release|Any CPU
	EndGlobalSection
	GlobalSection(SolutionProperties) = preSolution
		HideSolutionNode = FALSE
	EndGlobalSection
	GlobalSection(ExtensibilityGlobals) = postSolution
		SolutionGuid = {E18EEE10-6AD9-4417-BCEF-AC8D8BE68ED5}
	EndGlobalSection
EndGlobal
